
Microsoft Visual Studio Solution File, Format Version 12.00
Project("{FAE04EC0-301F-11D3-BF4B-00C04F79EFBC}") = "CloudFrontSigner.Library", "CloudFrontSigner.Library\CloudFrontSigner.Library.csproj", "{2B5AB18B-A754-47A2-8FE5-83ADD831AE0B}"
EndProject
Project("{FAE04EC0-301F-11D3-BF4B-00C04F79EFBC}") = "CloudFrontSigner.Test", "CloudFrontSigner.Test\CloudFrontSigner.Test.csproj", "{B56226D7-E58E-4A92-8CD7-35A834923322}"
EndProject
Global
	GlobalSection(SolutionConfigurationPlatforms) = preSolution
		Debug|Any CPU = Debug|Any CPU
		Release|Any CPU = Release|Any CPU
	EndGlobalSection
	GlobalSection(ProjectConfigurationPlatforms) = postSolution
		{2B5AB18B-A754-47A2-8FE5-83ADD831AE0B}.Debug|Any CPU.ActiveCfg = Debug|Any CPU
		{2B5AB18B-A754-47A2-8FE5-83ADD831AE0B}.Debug|Any CPU.Build.0 = Debug|Any CPU
		{2B5AB18B-A754-47A2-8FE5-83ADD831AE0B}.Release|Any CPU.ActiveCfg = Release|Any CPU
		{2B5AB18B-A754-47A2-8FE5-83ADD831AE0B}.Release|Any CPU.Build.0 = Release|Any CPU
		{B56226D7-E58E-4A92-8CD7-35A834923322}.Debug|Any CPU.ActiveCfg = Debug|Any CPU
		{B56226D7-E58E-4A92-8CD7-35A834923322}.Debug|Any CPU.Build.0 = Debug|Any CPU
		{B56226D7-E58E-4A92-8CD7-35A834923322}.Release|Any CPU.ActiveCfg = Release|Any CPU
		{B56226D7-E58E-4A92-8CD7-35A834923322}.Release|Any CPU.Build.0 = Release|Any CPU
	EndGlobalSection
EndGlobal
